
Microsoft Visual Studio Solution File, Format Version 12.00
# Visual Studio Version 17
VisualStudioVersion = 17.4.33205.214
MinimumVisualStudioVersion = 10.0.40219.1
Project("{FAE04EC0-301F-11D3-BF4B-00C04F79EFBC}") = "YourVet.Api", "YourVet\YourVet.Api.csproj", "{3DB66184-D964-4030-A6A5-29F6964A5862}"
EndProject
Project("{FAE04EC0-301F-11D3-BF4B-00C04F79EFBC}") = "YourVet.Infraestructura", "YourVet.Infraestructura\YourVet.Infraestructura.csproj", "{5E473A01-EB15-4D81-99FE-72DA7A7CEB7D}"
EndProject
Project("{FAE04EC0-301F-11D3-BF4B-00C04F79EFBC}") = "YourVetApi.Nucleo", "YourVetApi.Nucleo\YourVetApi.Nucleo.csproj", "{21D8D221-2337-45DE-BD48-A9D017990C29}"
EndProject
Global
	GlobalSection(SolutionConfigurationPlatforms) = preSolution
		Debug|Any CPU = Debug|Any CPU
		Release|Any CPU = Release|Any CPU
	EndGlobalSection
	GlobalSection(ProjectConfigurationPlatforms) = postSolution
		{3DB66184-D964-4030-A6A5-29F6964A5862}.Debug|Any CPU.ActiveCfg = Debug|Any CPU
		{3DB66184-D964-4030-A6A5-29F6964A5862}.Debug|Any CPU.Build.0 = Debug|Any CPU
		{3DB66184-D964-4030-A6A5-29F6964A5862}.Release|Any CPU.ActiveCfg = Release|Any CPU
		{3DB66184-D964-4030-A6A5-29F6964A5862}.Release|Any CPU.Build.0 = Release|Any CPU
		{5E473A01-EB15-4D81-99FE-72DA7A7CEB7D}.Debug|Any CPU.ActiveCfg = Debug|Any CPU
		{5E473A01-EB15-4D81-99FE-72DA7A7CEB7D}.Debug|Any CPU.Build.0 = Debug|Any CPU
		{5E473A01-EB15-4D81-99FE-72DA7A7CEB7D}.Release|Any CPU.ActiveCfg = Release|Any CPU
		{5E473A01-EB15-4D81-99FE-72DA7A7CEB7D}.Release|Any CPU.Build.0 = Release|Any CPU
		{21D8D221-2337-45DE-BD48-A9D017990C29}.Debug|Any CPU.ActiveCfg = Debug|Any CPU
		{21D8D221-2337-45DE-BD48-A9D017990C29}.Debug|Any CPU.Build.0 = Debug|Any CPU
		{21D8D221-2337-45DE-BD48-A9D017990C29}.Release|Any CPU.ActiveCfg = Release|Any CPU
		{21D8D221-2337-45DE-BD48-A9D017990C29}.Release|Any CPU.Build.0 = Release|Any CPU
	EndGlobalSection
	GlobalSection(SolutionProperties) = preSolution
		HideSolutionNode = FALSE
	EndGlobalSection
	GlobalSection(ExtensibilityGlobals) = postSolution
		SolutionGuid = {EBA0F4D7-C5FE-4CCE-BE8F-1E13F63574E0}
	EndGlobalSection
EndGlobal
